{
  "name": "marked",
  "version": "0.0.0",
  "lockfileVersion": 1,
  "requires": true,
  "dependencies": {
    "@types/acorn": {
      "version": "4.0.3",
      "resolved": "https://registry.npmjs.org/@types/acorn/-/acorn-4.0.3.tgz",
      "integrity": "sha512-gou/kWQkGPMZjdCKNZGDpqxLm9+ErG/pFZKPX4tvCjr0Xf4FCYYX3nAsu7aDVKJV3KUe27+mvqqyWT/9VZoM/A==",
      "dev": true,
      "requires": {
        "@types/estree": "*"
      }
    },
    "@types/estree": {
      "version": "0.0.39",
      "resolved": "https://registry.npmjs.org/@types/estree/-/estree-0.0.39.tgz",
      "integrity": "sha512-EYNwp3bU+98cpU4lAWYYL7Zz+2gryWH1qbdDTidVd6hkiR6weksdbMadyXKXNPEkQFhXM+hVO9ZygomHXp+AIw==",
      "dev": true
    },
    "acorn": {
      "version": "6.0.2",
      "resolved": "https://registry.npmjs.org/acorn/-/acorn-6.0.2.tgz",
      "integrity": "sha512-GXmKIvbrN3TV7aVqAzVFaMW8F8wzVX7voEBRO3bDA64+EX37YSayggRJP5Xig6HYHBkWKpFg9W5gg6orklubhg=="
    }
  }
}
